
Microsoft Visual Studio Solution File, Format Version 12.00
# Visual Studio 15
VisualStudioVersion = 15.0.28307.852
MinimumVisualStudioVersion = 10.0.40219.1
Project("{FAE04EC0-301F-11D3-BF4B-00C04F79EFBC}") = "BlowOut", "BlowOut\BlowOut.csproj", "{6A00D742-D0C4-440D-8F60-557B6623998D}"
EndProject
Global
	GlobalSection(SolutionConfigurationPlatforms) = preSolution
		Debug|Any CPU = Debug|Any CPU
		Release|Any CPU = Release|Any CPU
	EndGlobalSection
	GlobalSection(ProjectConfigurationPlatforms) = postSolution
		{6A00D742-D0C4-440D-8F60-557B6623998D}.Debug|Any CPU.ActiveCfg = Debug|Any CPU
		{6A00D742-D0C4-440D-8F60-557B6623998D}.Debug|Any CPU.Build.0 = Debug|Any CPU
		{6A00D742-D0C4-440D-8F60-557B6623998D}.Release|Any CPU.ActiveCfg = Release|Any CPU
		{6A00D742-D0C4-440D-8F60-557B6623998D}.Release|Any CPU.Build.0 = Release|Any CPU
	EndGlobalSection
	GlobalSection(SolutionProperties) = preSolution
		HideSolutionNode = FALSE
	EndGlobalSection
	GlobalSection(ExtensibilityGlobals) = postSolution
		SolutionGuid = {8C38EB2E-7628-4A11-A4B4-78D632B8C77F}
	EndGlobalSection
EndGlobal
